
Microsoft Visual Studio Solution File, Format Version 12.00
# Visual Studio Version 17
VisualStudioVersion = 17.2.32516.85
MinimumVisualStudioVersion = 10.0.40219.1
Project("{9A19103F-16F7-4668-BE54-9A1E7A4F7556}") = "AdvancedWebDev_Lab3", "AdvancedWebDev_Lab3\AdvancedWebDev_Lab3.csproj", "{5D9FBE84-393B-4EC0-9452-C8811396177B}"
EndProject
Project("{FAE04EC0-301F-11D3-BF4B-00C04F79EFBC}") = "AdvancedWebDev_Lab3.DataAccess", "AdvancedWebDev_Lab3.DataAccess\AdvancedWebDev_Lab3.DataAccess.csproj", "{693EA3EB-81D9-4DC7-8FD7-1B35C7EC043C}"
EndProject
Global
	GlobalSection(SolutionConfigurationPlatforms) = preSolution
		Debug|Any CPU = Debug|Any CPU
		Release|Any CPU = Release|Any CPU
	EndGlobalSection
	GlobalSection(ProjectConfigurationPlatforms) = postSolution
		{5D9FBE84-393B-4EC0-9452-C8811396177B}.Debug|Any CPU.ActiveCfg = Debug|Any CPU
		{5D9FBE84-393B-4EC0-9452-C8811396177B}.Debug|Any CPU.Build.0 = Debug|Any CPU
		{5D9FBE84-393B-4EC0-9452-C8811396177B}.Release|Any CPU.ActiveCfg = Release|Any CPU
		{5D9FBE84-393B-4EC0-9452-C8811396177B}.Release|Any CPU.Build.0 = Release|Any CPU
		{693EA3EB-81D9-4DC7-8FD7-1B35C7EC043C}.Debug|Any CPU.ActiveCfg = Debug|Any CPU
		{693EA3EB-81D9-4DC7-8FD7-1B35C7EC043C}.Debug|Any CPU.Build.0 = Debug|Any CPU
		{693EA3EB-81D9-4DC7-8FD7-1B35C7EC043C}.Release|Any CPU.ActiveCfg = Release|Any CPU
		{693EA3EB-81D9-4DC7-8FD7-1B35C7EC043C}.Release|Any CPU.Build.0 = Release|Any CPU
	EndGlobalSection
	GlobalSection(SolutionProperties) = preSolution
		HideSolutionNode = FALSE
	EndGlobalSection
	GlobalSection(ExtensibilityGlobals) = postSolution
		SolutionGuid = {16470962-1A4F-40F0-BE61-A66F8836E42F}
	EndGlobalSection
EndGlobal
